
Microsoft Visual Studio Solution File, Format Version 10.00
# Visual Studio 2008
Project("{8BC9CEB8-8B4A-11D0-8D11-00A0C91BC942}") = "gen_e", "gen_e\gen_e.vcproj", "{26CE300B-3FF6-4603-99CF-57FD5352D9ED}"
EndProject
Global
	GlobalSection(SolutionConfigurationPlatforms) = preSolution
		Debug|Win32 = Debug|Win32
		Release|Win32 = Release|Win32
	EndGlobalSection
	GlobalSection(ProjectConfigurationPlatforms) = postSolution
		{26CE300B-3FF6-4603-99CF-57FD5352D9ED}.Debug|Win32.ActiveCfg = Debug|Win32
		{26CE300B-3FF6-4603-99CF-57FD5352D9ED}.Debug|Win32.Build.0 = Debug|Win32
		{26CE300B-3FF6-4603-99CF-57FD5352D9ED}.Release|Win32.ActiveCfg = Release|Win32
		{26CE300B-3FF6-4603-99CF-57FD5352D9ED}.Release|Win32.Build.0 = Release|Win32
	EndGlobalSection
	GlobalSection(SolutionProperties) = preSolution
		HideSolutionNode = FALSE
	EndGlobalSection
EndGlobal
