
Microsoft Visual Studio Solution File, Format Version 10.00
# Visual Studio 2008
Project("{8BC9CEB8-8B4A-11D0-8D11-00A0C91BC942}") = "solve", "solve\solve.vcproj", "{2ADA1CD6-1E12-4656-BA1F-F7ED07D5B05C}"
EndProject
Global
	GlobalSection(SolutionConfigurationPlatforms) = preSolution
		Debug|Win32 = Debug|Win32
		Release|Win32 = Release|Win32
	EndGlobalSection
	GlobalSection(ProjectConfigurationPlatforms) = postSolution
		{2ADA1CD6-1E12-4656-BA1F-F7ED07D5B05C}.Debug|Win32.ActiveCfg = Debug|Win32
		{2ADA1CD6-1E12-4656-BA1F-F7ED07D5B05C}.Debug|Win32.Build.0 = Debug|Win32
		{2ADA1CD6-1E12-4656-BA1F-F7ED07D5B05C}.Release|Win32.ActiveCfg = Release|Win32
		{2ADA1CD6-1E12-4656-BA1F-F7ED07D5B05C}.Release|Win32.Build.0 = Release|Win32
	EndGlobalSection
	GlobalSection(SolutionProperties) = preSolution
		HideSolutionNode = FALSE
	EndGlobalSection
EndGlobal
